
Microsoft Visual Studio Solution File, Format Version 12.00
# Visual Studio Version 16
VisualStudioVersion = 16.0.30523.141
MinimumVisualStudioVersion = 10.0.40219.1
Project("{888888A0-9F3D-457C-B088-3A5042F75D52}") = "AnalyHouse", "AnalyHouse\AnalyHouse.pyproj", "{E3E15125-8753-4552-9704-8463498A59D3}"
EndProject
Global
	GlobalSection(SolutionConfigurationPlatforms) = preSolution
		Debug|Any CPU = Debug|Any CPU
		Release|Any CPU = Release|Any CPU
	EndGlobalSection
	GlobalSection(ProjectConfigurationPlatforms) = postSolution
		{E3E15125-8753-4552-9704-8463498A59D3}.Debug|Any CPU.ActiveCfg = Debug|Any CPU
		{E3E15125-8753-4552-9704-8463498A59D3}.Release|Any CPU.ActiveCfg = Release|Any CPU
	EndGlobalSection
	GlobalSection(SolutionProperties) = preSolution
		HideSolutionNode = FALSE
	EndGlobalSection
	GlobalSection(ExtensibilityGlobals) = postSolution
		SolutionGuid = {E6B36FDE-20CF-444E-B826-F06542133B20}
	EndGlobalSection
EndGlobal
